
Microsoft Visual Studio Solution File, Format Version 12.00
# Visual Studio Version 17
VisualStudioVersion = 17.7.34009.444
MinimumVisualStudioVersion = 10.0.40219.1
Project("{9A19103F-16F7-4668-BE54-9A1E7A4F7556}") = "DarkV.Tron.Protocol", "src\DarkV.Tron.Protocol\DarkV.Tron.Protocol.csproj", "{C370E42C-97EE-4D66-83F0-8B2D36C5D1D3}"
EndProject
Global
	GlobalSection(SolutionConfigurationPlatforms) = preSolution
		Debug|Any CPU = Debug|Any CPU
		Release|Any CPU = Release|Any CPU
	EndGlobalSection
	GlobalSection(ProjectConfigurationPlatforms) = postSolution
		{C370E42C-97EE-4D66-83F0-8B2D36C5D1D3}.Debug|Any CPU.ActiveCfg = Debug|Any CPU
		{C370E42C-97EE-4D66-83F0-8B2D36C5D1D3}.Debug|Any CPU.Build.0 = Debug|Any CPU
		{C370E42C-97EE-4D66-83F0-8B2D36C5D1D3}.Release|Any CPU.ActiveCfg = Release|Any CPU
		{C370E42C-97EE-4D66-83F0-8B2D36C5D1D3}.Release|Any CPU.Build.0 = Release|Any CPU
	EndGlobalSection
	GlobalSection(SolutionProperties) = preSolution
		HideSolutionNode = FALSE
	EndGlobalSection
EndGlobal
